// !$*UTF8*$!
{
	archiveVersion = 1;
	classes = {
	};
	objectVersion = 55;
	objects = {

/* Begin PBXBuildFile section */
		A903927A27F052BE001E7345 /* AppDelegate.swift in Sources */ = {isa = PBXBuildFile; fileRef = A903927927F052BE001E7345 /* AppDelegate.swift */; };
		A903927C27F052BE001E7345 /* SceneDelegate.swift in Sources */ = {isa = PBXBuildFile; fileRef = A903927B27F052BE001E7345 /* SceneDelegate.swift */; };
		A903928327F052BF001E7345 /* Assets.xcassets in Resources */ = {isa = PBXBuildFile; fileRef = A903928227F052BF001E7345 /* Assets.xcassets */; };
		A903928627F052BF001E7345 /* LaunchScreen.storyboard in Resources */ = {isa = PBXBuildFile; fileRef = A903928427F052BF001E7345 /* LaunchScreen.storyboard */; };
		A907581F27F23579002DE093 /* StorageManager.swift in Sources */ = {isa = PBXBuildFile; fileRef = A907581E27F23579002DE093 /* StorageManager.swift */; };
		A90ADA4927F2030400C4066D /* Message.swift in Sources */ = {isa = PBXBuildFile; fileRef = A90ADA4827F2030400C4066D /* Message.swift */; };
		A90ADA4B27F2034700C4066D /* Sender.swift in Sources */ = {isa = PBXBuildFile; fileRef = A90ADA4A27F2034700C4066D /* Sender.swift */; };
		A90ADA4D27F208C400C4066D /* NewConversationViewController.swift in Sources */ = {isa = PBXBuildFile; fileRef = A90ADA4C27F208C400C4066D /* NewConversationViewController.swift */; };
		A912BB8027F55693006FE6BE /* ChatsTableViewCell.swift in Sources */ = {isa = PBXBuildFile; fileRef = A912BB7F27F55693006FE6BE /* ChatsTableViewCell.swift */; };
		A912BB8227F55DF6006FE6BE /* Conversation.swift in Sources */ = {isa = PBXBuildFile; fileRef = A912BB8127F55DF6006FE6BE /* Conversation.swift */; };
		A9485C3627F0DAFD0058E536 /* GoogleService-Info.plist in Resources */ = {isa = PBXBuildFile; fileRef = A9485C3527F0DAFD0058E536 /* GoogleService-Info.plist */; };
		A9667D4727F1697D008A779E /* AuthManager.swift in Sources */ = {isa = PBXBuildFile; fileRef = A9667D4627F1697D008A779E /* AuthManager.swift */; };
		A9667D4927F1878E008A779E /* User.swift in Sources */ = {isa = PBXBuildFile; fileRef = A9667D4827F1878E008A779E /* User.swift */; };
		A9667D4B27F1882F008A779E /* DatabaseManager.swift in Sources */ = {isa = PBXBuildFile; fileRef = A9667D4A27F1882F008A779E /* DatabaseManager.swift */; };
		A970000027F771AD000FCE58 /* NewConversationTableViewCell.swift in Sources */ = {isa = PBXBuildFile; fileRef = A970FFFF27F771AD000FCE58 /* NewConversationTableViewCell.swift */; };
		A97D7A6D27F0BA1200C41198 /* VerificationViewController.swift in Sources */ = {isa = PBXBuildFile; fileRef = A97D7A6C27F0BA1200C41198 /* VerificationViewController.swift */; };
		A9BB795527F9FBCC00F98A22 /* CodeTextField.swift in Sources */ = {isa = PBXBuildFile; fileRef = A9BB795427F9FBCC00F98A22 /* CodeTextField.swift */; };
		A9C236C927F0563B00156DBE /* LoginViewController.swift in Sources */ = {isa = PBXBuildFile; fileRef = A9C236C427F0563A00156DBE /* LoginViewController.swift */; };
		A9C236CB27F0563B00156DBE /* MessageViewController.swift in Sources */ = {isa = PBXBuildFile; fileRef = A9C236C627F0563B00156DBE /* MessageViewController.swift */; };
		A9C236CC27F0563B00156DBE /* RegisterViewController.swift in Sources */ = {isa = PBXBuildFile; fileRef = A9C236C727F0563B00156DBE /* RegisterViewController.swift */; };
		A9C236CD27F0563B00156DBE /* ChatsViewController.swift in Sources */ = {isa = PBXBuildFile; fileRef = A9C236C827F0563B00156DBE /* ChatsViewController.swift */; };
		A9C236D227F0571800156DBE /* TabBarViewController.swift in Sources */ = {isa = PBXBuildFile; fileRef = A9C236D127F0571800156DBE /* TabBarViewController.swift */; };
		A9C236D527F0582300156DBE /* ProfileViewController.swift in Sources */ = {isa = PBXBuildFile; fileRef = A9C236D427F0582300156DBE /* ProfileViewController.swift */; };
		C2315C5E74D08498FCD24739 /* Pods_MessengerApp.framework in Frameworks */ = {isa = PBXBuildFile; fileRef = 1BD08D55025C8A676966F2D1 /* Pods_MessengerApp.framework */; };
/* End PBXBuildFile section */

/* Begin PBXFileReference section */
		1BD08D55025C8A676966F2D1 /* Pods_MessengerApp.framework */ = {isa = PBXFileReference; explicitFileType = wrapper.framework; includeInIndex = 0; path = Pods_MessengerApp.framework; sourceTree = BUILT_PRODUCTS_DIR; };
		6685C4E2498F17AD6890DBE2 /* Pods-MessengerApp.release.xcconfig */ = {isa = PBXFileReference; includeInIndex = 1; lastKnownFileType = text.xcconfig; name = "Pods-MessengerApp.release.xcconfig"; path = "Target Support Files/Pods-MessengerApp/Pods-MessengerApp.release.xcconfig"; sourceTree = "<group>"; };
		A903927627F052BE001E7345 /* MessengerApp.app */ = {isa = PBXFileReference; explicitFileType = wrapper.application; includeInIndex = 0; path = MessengerApp.app; sourceTree = BUILT_PRODUCTS_DIR; };
		A903927927F052BE001E7345 /* AppDelegate.swift */ = {isa = PBXFileReference; lastKnownFileType = sourcecode.swift; path = AppDelegate.swift; sourceTree = "<group>"; };
		A903927B27F052BE001E7345 /* SceneDelegate.swift */ = {isa = PBXFileReference; lastKnownFileType = sourcecode.swift; path = SceneDelegate.swift; sourceTree = "<group>"; };
		A903928227F052BF001E7345 /* Assets.xcassets */ = {isa = PBXFileReference; lastKnownFileType = folder.assetcatalog; path = Assets.xcassets; sourceTree = "<group>"; };
		A903928527F052BF001E7345 /* Base */ = {isa = PBXFileReference; lastKnownFileType = file.storyboard; name = Base; path = Base.lproj/LaunchScreen.storyboard; sourceTree = "<group>"; };
		A903928727F052BF001E7345 /* Info.plist */ = {isa = PBXFileReference; lastKnownFileType = text.plist.xml; path = Info.plist; sourceTree = "<group>"; };
		A907581E27F23579002DE093 /* StorageManager.swift */ = {isa = PBXFileReference; lastKnownFileType = sourcecode.swift; path = StorageManager.swift; sourceTree = "<group>"; };
		A90ADA4827F2030400C4066D /* Message.swift */ = {isa = PBXFileReference; lastKnownFileType = sourcecode.swift; path = Message.swift; sourceTree = "<group>"; };
		A90ADA4A27F2034700C4066D /* Sender.swift */ = {isa = PBXFileReference; lastKnownFileType = sourcecode.swift; path = Sender.swift; sourceTree = "<group>"; };
		A90ADA4C27F208C400C4066D /* NewConversationViewController.swift */ = {isa = PBXFileReference; lastKnownFileType = sourcecode.swift; path = NewConversationViewController.swift; sourceTree = "<group>"; };
		A912BB7F27F55693006FE6BE /* ChatsTableViewCell.swift */ = {isa = PBXFileReference; lastKnownFileType = sourcecode.swift; path = ChatsTableViewCell.swift; sourceTree = "<group>"; };
		A912BB8127F55DF6006FE6BE /* Conversation.swift */ = {isa = PBXFileReference; lastKnownFileType = sourcecode.swift; path = Conversation.swift; sourceTree = "<group>"; };
		A9485C3527F0DAFD0058E536 /* GoogleService-Info.plist */ = {isa = PBXFileReference; fileEncoding = 4; lastKnownFileType = text.plist.xml; path = "GoogleService-Info.plist"; sourceTree = "<group>"; };
		A9667D4627F1697D008A779E /* AuthManager.swift */ = {isa = PBXFileReference; lastKnownFileType = sourcecode.swift; path = AuthManager.swift; sourceTree = "<group>"; };
		A9667D4827F1878E008A779E /* User.swift */ = {isa = PBXFileReference; lastKnownFileType = sourcecode.swift; path = User.swift; sourceTree = "<group>"; };
		A9667D4A27F1882F008A779E /* DatabaseManager.swift */ = {isa = PBXFileReference; lastKnownFileType = sourcecode.swift; path = DatabaseManager.swift; sourceTree = "<group>"; };
		A970FFFF27F771AD000FCE58 /* NewConversationTableViewCell.swift */ = {isa = PBXFileReference; lastKnownFileType = sourcecode.swift; path = NewConversationTableViewCell.swift; sourceTree = "<group>"; };
		A97D7A6C27F0BA1200C41198 /* VerificationViewController.swift */ = {isa = PBXFileReference; lastKnownFileType = sourcecode.swift; path = VerificationViewController.swift; sourceTree = "<group>"; };
		A9BB795427F9FBCC00F98A22 /* CodeTextField.swift */ = {isa = PBXFileReference; lastKnownFileType = sourcecode.swift; path = CodeTextField.swift; sourceTree = "<group>"; };
		A9C236C427F0563A00156DBE /* LoginViewController.swift */ = {isa = PBXFileReference; fileEncoding = 4; lastKnownFileType = sourcecode.swift; path = LoginViewController.swift; sourceTree = "<group>"; };
		A9C236C627F0563B00156DBE /* MessageViewController.swift */ = {isa = PBXFileReference; fileEncoding = 4; lastKnownFileType = sourcecode.swift; path = MessageViewController.swift; sourceTree = "<group>"; };
		A9C236C727F0563B00156DBE /* RegisterViewController.swift */ = {isa = PBXFileReference; fileEncoding = 4; lastKnownFileType = sourcecode.swift; path = RegisterViewController.swift; sourceTree = "<group>"; };
		A9C236C827F0563B00156DBE /* ChatsViewController.swift */ = {isa = PBXFileReference; fileEncoding = 4; lastKnownFileType = sourcecode.swift; path = ChatsViewController.swift; sourceTree = "<group>"; };
		A9C236D127F0571800156DBE /* TabBarViewController.swift */ = {isa = PBXFileReference; lastKnownFileType = sourcecode.swift; path = TabBarViewController.swift; sourceTree = "<group>"; };
		A9C236D427F0582300156DBE /* ProfileViewController.swift */ = {isa = PBXFileReference; lastKnownFileType = sourcecode.swift; path = ProfileViewController.swift; sourceTree = "<group>"; };
		AFC362FB2994ACB0C8494E84 /* Pods-MessengerApp.debug.xcconfig */ = {isa = PBXFileReference; includeInIndex = 1; lastKnownFileType = text.xcconfig; name = "Pods-MessengerApp.debug.xcconfig"; path = "Target Support Files/Pods-MessengerApp/Pods-MessengerApp.debug.xcconfig"; sourceTree = "<group>"; };
/* End PBXFileReference section */

/* Begin PBXFrameworksBuildPhase section */
		A903927327F052BE001E7345 /* Frameworks */ = {
			isa = PBXFrameworksBuildPhase;
			buildActionMask = 2147483647;
			files = (
				C2315C5E74D08498FCD24739 /* Pods_MessengerApp.framework in Frameworks */,
			);
			runOnlyForDeploymentPostprocessing = 0;
		};
/* End PBXFrameworksBuildPhase section */

/* Begin PBXGroup section */
		A888A5F6BD73D41576A04FCE /* Frameworks */ = {
			isa = PBXGroup;
			children = (
				1BD08D55025C8A676966F2D1 /* Pods_MessengerApp.framework */,
			);
			name = Frameworks;
			sourceTree = "<group>";
		};
		A903926D27F052BE001E7345 = {
			isa = PBXGroup;
			children = (
				A903927827F052BE001E7345 /* MessengerApp */,
				A903927727F052BE001E7345 /* Products */,
				CDE816E683D8355027D09BBC /* Pods */,
				A888A5F6BD73D41576A04FCE /* Frameworks */,
			);
			sourceTree = "<group>";
		};
		A903927727F052BE001E7345 /* Products */ = {
			isa = PBXGroup;
			children = (
				A903927627F052BE001E7345 /* MessengerApp.app */,
			);
			name = Products;
			sourceTree = "<group>";
		};
		A903927827F052BE001E7345 /* MessengerApp */ = {
			isa = PBXGroup;
			children = (
				A9C236D027F0569600156DBE /* Resources */,
				A9C236CF27F0567700156DBE /* Model */,
				A9C236CE27F0565500156DBE /* View */,
				A903929727F0552E001E7345 /* ViewModel */,
				A9667D4627F1697D008A779E /* AuthManager.swift */,
				A9667D4A27F1882F008A779E /* DatabaseManager.swift */,
				A907581E27F23579002DE093 /* StorageManager.swift */,
				A903928227F052BF001E7345 /* Assets.xcassets */,
				A903928427F052BF001E7345 /* LaunchScreen.storyboard */,
				A903928727F052BF001E7345 /* Info.plist */,
				A9485C3527F0DAFD0058E536 /* GoogleService-Info.plist */,
			);
			path = MessengerApp;
			sourceTree = "<group>";
		};
		A903929727F0552E001E7345 /* ViewModel */ = {
			isa = PBXGroup;
			children = (
			);
			path = ViewModel;
			sourceTree = "<group>";
		};
		A970000127F77437000FCE58 /* TableViewCells */ = {
			isa = PBXGroup;
			children = (
				A912BB7F27F55693006FE6BE /* ChatsTableViewCell.swift */,
				A970FFFF27F771AD000FCE58 /* NewConversationTableViewCell.swift */,
			);
			path = TableViewCells;
			sourceTree = "<group>";
		};
		A98AB0AD27F60FB700DB2DD8 /* LoginRegistration */ = {
			isa = PBXGroup;
			children = (
				A9C236C427F0563A00156DBE /* LoginViewController.swift */,
				A97D7A6C27F0BA1200C41198 /* VerificationViewController.swift */,
				A9C236C727F0563B00156DBE /* RegisterViewController.swift */,
				A9BB795427F9FBCC00F98A22 /* CodeTextField.swift */,
			);
			path = LoginRegistration;
			sourceTree = "<group>";
		};
		A9C236CE27F0565500156DBE /* View */ = {
			isa = PBXGroup;
			children = (
				A98AB0AD27F60FB700DB2DD8 /* LoginRegistration */,
				A970000127F77437000FCE58 /* TableViewCells */,
				A9C236C827F0563B00156DBE /* ChatsViewController.swift */,
				A90ADA4C27F208C400C4066D /* NewConversationViewController.swift */,
				A9C236C627F0563B00156DBE /* MessageViewController.swift */,
				A9C236D427F0582300156DBE /* ProfileViewController.swift */,
				A9C236D327F0576700156DBE /* TabBar */,
			);
			path = View;
			sourceTree = "<group>";
		};
		A9C236CF27F0567700156DBE /* Model */ = {
			isa = PBXGroup;
			children = (
				A9667D4827F1878E008A779E /* User.swift */,
				A90ADA4827F2030400C4066D /* Message.swift */,
				A90ADA4A27F2034700C4066D /* Sender.swift */,
				A912BB8127F55DF6006FE6BE /* Conversation.swift */,
			);
			path = Model;
			sourceTree = "<group>";
		};
		A9C236D027F0569600156DBE /* Resources */ = {
			isa = PBXGroup;
			children = (
				A903927927F052BE001E7345 /* AppDelegate.swift */,
				A903927B27F052BE001E7345 /* SceneDelegate.swift */,
			);
			path = Resources;
			sourceTree = "<group>";
		};
		A9C236D327F0576700156DBE /* TabBar */ = {
			isa = PBXGroup;
			children = (
				A9C236D127F0571800156DBE /* TabBarViewController.swift */,
			);
			path = TabBar;
			sourceTree = "<group>";
		};
		CDE816E683D8355027D09BBC /* Pods */ = {
			isa = PBXGroup;
			children = (
				AFC362FB2994ACB0C8494E84 /* Pods-MessengerApp.debug.xcconfig */,
				6685C4E2498F17AD6890DBE2 /* Pods-MessengerApp.release.xcconfig */,
			);
			path = Pods;
			sourceTree = "<group>";
		};
/* End PBXGroup section */

/* Begin PBXNativeTarget section */
		A903927527F052BE001E7345 /* MessengerApp */ = {
			isa = PBXNativeTarget;
			buildConfigurationList = A903928A27F052BF001E7345 /* Build configuration list for PBXNativeTarget "MessengerApp" */;
			buildPhases = (
				8990625A6E62DFDB4CB35191 /* [CP] Check Pods Manifest.lock */,
				A903927227F052BE001E7345 /* Sources */,
				A903927327F052BE001E7345 /* Frameworks */,
				A903927427F052BE001E7345 /* Resources */,
				FB614652EA84D78B839CE5D6 /* [CP] Embed Pods Frameworks */,
			);
			buildRules = (
			);
			dependencies = (
			);
			name = MessengerApp;
			productName = MessengerApp;
			productReference = A903927627F052BE001E7345 /* MessengerApp.app */;
			productType = "com.apple.product-type.application";
		};
/* End PBXNativeTarget section */

/* Begin PBXProject section */
		A903926E27F052BE001E7345 /* Project object */ = {
			isa = PBXProject;
			attributes = {
				BuildIndependentTargetsInParallel = 1;
				LastSwiftUpdateCheck = 1320;
				LastUpgradeCheck = 1320;
				TargetAttributes = {
					A903927527F052BE001E7345 = {
						CreatedOnToolsVersion = 13.2.1;
					};
				};
			};
			buildConfigurationList = A903927127F052BE001E7345 /* Build configuration list for PBXProject "MessengerApp" */;
			compatibilityVersion = "Xcode 13.0";
			developmentRegion = en;
			hasScannedForEncodings = 0;
			knownRegions = (
				en,
				Base,
			);
			mainGroup = A903926D27F052BE001E7345;
			productRefGroup = A903927727F052BE001E7345 /* Products */;
			projectDirPath = "";
			projectRoot = "";
			targets = (
				A903927527F052BE001E7345 /* MessengerApp */,
			);
		};
/* End PBXProject section */

/* Begin PBXResourcesBuildPhase section */
		A903927427F052BE001E7345 /* Resources */ = {
			isa = PBXResourcesBuildPhase;
			buildActionMask = 2147483647;
			files = (
				A903928627F052BF001E7345 /* LaunchScreen.storyboard in Resources */,
				A903928327F052BF001E7345 /* Assets.xcassets in Resources */,
				A9485C3627F0DAFD0058E536 /* GoogleService-Info.plist in Resources */,
			);
			runOnlyForDeploymentPostprocessing = 0;
		};
/* End PBXResourcesBuildPhase section */

/* Begin PBXShellScriptBuildPhase section */
		8990625A6E62DFDB4CB35191 /* [CP] Check Pods Manifest.lock */ = {
			isa = PBXShellScriptBuildPhase;
			buildActionMask = 2147483647;
			files = (
			);
			inputFileListPaths = (
			);
			inputPaths = (
				"${PODS_PODFILE_DIR_PATH}/Podfile.lock",
				"${PODS_ROOT}/Manifest.lock",
			);
			name = "[CP] Check Pods Manifest.lock";
			outputFileListPaths = (
			);
			outputPaths = (
				"$(DERIVED_FILE_DIR)/Pods-MessengerApp-checkManifestLockResult.txt",
			);
			runOnlyForDeploymentPostprocessing = 0;
			shellPath = /bin/sh;
			shellScript = "diff \"${PODS_PODFILE_DIR_PATH}/Podfile.lock\" \"${PODS_ROOT}/Manifest.lock\" > /dev/null\nif [ $? != 0 ] ; then\n    # print error to STDERR\n    echo \"error: The sandbox is not in sync with the Podfile.lock. Run 'pod install' or update your CocoaPods installation.\" >&2\n    exit 1\nfi\n# This output is used by Xcode 'outputs' to avoid re-running this script phase.\necho \"SUCCESS\" > \"${SCRIPT_OUTPUT_FILE_0}\"\n";
			showEnvVarsInLog = 0;
		};
		FB614652EA84D78B839CE5D6 /* [CP] Embed Pods Frameworks */ = {
			isa = PBXShellScriptBuildPhase;
			buildActionMask = 2147483647;
			files = (
			);
			inputFileListPaths = (
				"${PODS_ROOT}/Target Support Files/Pods-MessengerApp/Pods-MessengerApp-frameworks-${CONFIGURATION}-input-files.xcfilelist",
			);
			name = "[CP] Embed Pods Frameworks";
			outputFileListPaths = (
				"${PODS_ROOT}/Target Support Files/Pods-MessengerApp/Pods-MessengerApp-frameworks-${CONFIGURATION}-output-files.xcfilelist",
			);
			runOnlyForDeploymentPostprocessing = 0;
			shellPath = /bin/sh;
			shellScript = "\"${PODS_ROOT}/Target Support Files/Pods-MessengerApp/Pods-MessengerApp-frameworks.sh\"\n";
			showEnvVarsInLog = 0;
		};
/* End PBXShellScriptBuildPhase section */

/* Begin PBXSourcesBuildPhase section */
		A903927227F052BE001E7345 /* Sources */ = {
			isa = PBXSourcesBuildPhase;
			buildActionMask = 2147483647;
			files = (
				A9C236D227F0571800156DBE /* TabBarViewController.swift in Sources */,
				A912BB8027F55693006FE6BE /* ChatsTableViewCell.swift in Sources */,
				A9C236CB27F0563B00156DBE /* MessageViewController.swift in Sources */,
				A97D7A6D27F0BA1200C41198 /* VerificationViewController.swift in Sources */,
				A90ADA4D27F208C400C4066D /* NewConversationViewController.swift in Sources */,
				A9C236C927F0563B00156DBE /* LoginViewController.swift in Sources */,
				A903927A27F052BE001E7345 /* AppDelegate.swift in Sources */,
				A912BB8227F55DF6006FE6BE /* Conversation.swift in Sources */,
				A9C236CC27F0563B00156DBE /* RegisterViewController.swift in Sources */,
				A9C236CD27F0563B00156DBE /* ChatsViewController.swift in Sources */,
				A9C236D527F0582300156DBE /* ProfileViewController.swift in Sources */,
				A90ADA4B27F2034700C4066D /* Sender.swift in Sources */,
				A9667D4B27F1882F008A779E /* DatabaseManager.swift in Sources */,
				A90ADA4927F2030400C4066D /* Message.swift in Sources */,
				A9BB795527F9FBCC00F98A22 /* CodeTextField.swift in Sources */,
				A903927C27F052BE001E7345 /* SceneDelegate.swift in Sources */,
				A9667D4727F1697D008A779E /* AuthManager.swift in Sources */,
				A9667D4927F1878E008A779E /* User.swift in Sources */,
				A907581F27F23579002DE093 /* StorageManager.swift in Sources */,
				A970000027F771AD000FCE58 /* NewConversationTableViewCell.swift in Sources */,
			);
			runOnlyForDeploymentPostprocessing = 0;
		};
/* End PBXSourcesBuildPhase section */

/* Begin PBXVariantGroup section */
		A903928427F052BF001E7345 /* LaunchScreen.storyboard */ = {
			isa = PBXVariantGroup;
			children = (
				A903928527F052BF001E7345 /* Base */,
			);
			name = LaunchScreen.storyboard;
			sourceTree = "<group>";
		};
/* End PBXVariantGroup section */

/* Begin XCBuildConfiguration section */
		A903928827F052BF001E7345 /* Debug */ = {
			isa = XCBuildConfiguration;
			buildSettings = {
				ALWAYS_SEARCH_USER_PATHS = NO;
				CLANG_ANALYZER_NONNULL = YES;
				CLANG_ANALYZER_NUMBER_OBJECT_CONVERSION = YES_AGGRESSIVE;
				CLANG_CXX_LANGUAGE_STANDARD = "gnu++17";
				CLANG_CXX_LIBRARY = "libc++";
				CLANG_ENABLE_MODULES = YES;
				CLANG_ENABLE_OBJC_ARC = YES;
				CLANG_ENABLE_OBJC_WEAK = YES;
				CLANG_WARN_BLOCK_CAPTURE_AUTORELEASING = YES;
				CLANG_WARN_BOOL_CONVERSION = YES;
				CLANG_WARN_COMMA = YES;
				CLANG_WARN_CONSTANT_CONVERSION = YES;
				CLANG_WARN_DEPRECATED_OBJC_IMPLEMENTATIONS = YES;
				CLANG_WARN_DIRECT_OBJC_ISA_USAGE = YES_ERROR;
				CLANG_WARN_DOCUMENTATION_COMMENTS = YES;
				CLANG_WARN_EMPTY_BODY = YES;
				CLANG_WARN_ENUM_CONVERSION = YES;
				CLANG_WARN_INFINITE_RECURSION = YES;
				CLANG_WARN_INT_CONVERSION = YES;
				CLANG_WARN_NON_LITERAL_NULL_CONVERSION = YES;
				CLANG_WARN_OBJC_IMPLICIT_RETAIN_SELF = YES;
				CLANG_WARN_OBJC_LITERAL_CONVERSION = YES;
				CLANG_WARN_OBJC_ROOT_CLASS = YES_ERROR;
				CLANG_WARN_QUOTED_INCLUDE_IN_FRAMEWORK_HEADER = YES;
				CLANG_WARN_RANGE_LOOP_ANALYSIS = YES;
				CLANG_WARN_STRICT_PROTOTYPES = YES;
				CLANG_WARN_SUSPICIOUS_MOVE = YES;
				CLANG_WARN_UNGUARDED_AVAILABILITY = YES_AGGRESSIVE;
				CLANG_WARN_UNREACHABLE_CODE = YES;
				CLANG_WARN__DUPLICATE_METHOD_MATCH = YES;
				COPY_PHASE_STRIP = NO;
				DEBUG_INFORMATION_FORMAT = dwarf;
				ENABLE_STRICT_OBJC_MSGSEND = YES;
				ENABLE_TESTABILITY = YES;
				GCC_C_LANGUAGE_STANDARD = gnu11;
				GCC_DYNAMIC_NO_PIC = NO;
				GCC_NO_COMMON_BLOCKS = YES;
				GCC_OPTIMIZATION_LEVEL = 0;
				GCC_PREPROCESSOR_DEFINITIONS = (
					"DEBUG=1",
					"$(inherited)",
				);
				GCC_WARN_64_TO_32_BIT_CONVERSION = YES;
				GCC_WARN_ABOUT_RETURN_TYPE = YES_ERROR;
				GCC_WARN_UNDECLARED_SELECTOR = YES;
				GCC_WARN_UNINITIALIZED_AUTOS = YES_AGGRESSIVE;
				GCC_WARN_UNUSED_FUNCTION = YES;
				GCC_WARN_UNUSED_VARIABLE = YES;
				IPHONEOS_DEPLOYMENT_TARGET = 15.2;
				MTL_ENABLE_DEBUG_INFO = INCLUDE_SOURCE;
				MTL_FAST_MATH = YES;
				ONLY_ACTIVE_ARCH = YES;
				SDKROOT = iphoneos;
				SWIFT_ACTIVE_COMPILATION_CONDITIONS = DEBUG;
				SWIFT_OPTIMIZATION_LEVEL = "-Onone";
			};
			name = Debug;
		};
		A903928927F052BF001E7345 /* Release */ = {
			isa = XCBuildConfiguration;
			buildSettings = {
				ALWAYS_SEARCH_USER_PATHS = NO;
				CLANG_ANALYZER_NONNULL = YES;
				CLANG_ANALYZER_NUMBER_OBJECT_CONVERSION = YES_AGGRESSIVE;
				CLANG_CXX_LANGUAGE_STANDARD = "gnu++17";
				CLANG_CXX_LIBRARY = "libc++";
				CLANG_ENABLE_MODULES = YES;
				CLANG_ENABLE_OBJC_ARC = YES;
				CLANG_ENABLE_OBJC_WEAK = YES;
				CLANG_WARN_BLOCK_CAPTURE_AUTORELEASING = YES;
				CLANG_WARN_BOOL_CONVERSION = YES;
				CLANG_WARN_COMMA = YES;
				CLANG_WARN_CONSTANT_CONVERSION = YES;
				CLANG_WARN_DEPRECATED_OBJC_IMPLEMENTATIONS = YES;
				CLANG_WARN_DIRECT_OBJC_ISA_USAGE = YES_ERROR;
				CLANG_WARN_DOCUMENTATION_COMMENTS = YES;
				CLANG_WARN_EMPTY_BODY = YES;
				CLANG_WARN_ENUM_CONVERSION = YES;
				CLANG_WARN_INFINITE_RECURSION = YES;
				CLANG_WARN_INT_CONVERSION = YES;
				CLANG_WARN_NON_LITERAL_NULL_CONVERSION = YES;
				CLANG_WARN_OBJC_IMPLICIT_RETAIN_SELF = YES;
				CLANG_WARN_OBJC_LITERAL_CONVERSION = YES;
				CLANG_WARN_OBJC_ROOT_CLASS = YES_ERROR;
				CLANG_WARN_QUOTED_INCLUDE_IN_FRAMEWORK_HEADER = YES;
				CLANG_WARN_RANGE_LOOP_ANALYSIS = YES;
				CLANG_WARN_STRICT_PROTOTYPES = YES;
				CLANG_WARN_SUSPICIOUS_MOVE = YES;
				CLANG_WARN_UNGUARDED_AVAILABILITY = YES_AGGRESSIVE;
				CLANG_WARN_UNREACHABLE_CODE = YES;
				CLANG_WARN__DUPLICATE_METHOD_MATCH = YES;
				COPY_PHASE_STRIP = NO;
				DEBUG_INFORMATION_FORMAT = "dwarf-with-dsym";
				ENABLE_NS_ASSERTIONS = NO;
				ENABLE_STRICT_OBJC_MSGSEND = YES;
				GCC_C_LANGUAGE_STANDARD = gnu11;
				GCC_NO_COMMON_BLOCKS = YES;
				GCC_WARN_64_TO_32_BIT_CONVERSION = YES;
				GCC_WARN_ABOUT_RETURN_TYPE = YES_ERROR;
				GCC_WARN_UNDECLARED_SELECTOR = YES;
				GCC_WARN_UNINITIALIZED_AUTOS = YES_AGGRESSIVE;
				GCC_WARN_UNUSED_FUNCTION = YES;
				GCC_WARN_UNUSED_VARIABLE = YES;
				IPHONEOS_DEPLOYMENT_TARGET = 15.2;
				MTL_ENABLE_DEBUG_INFO = NO;
				MTL_FAST_MATH = YES;
				SDKROOT = iphoneos;
				SWIFT_COMPILATION_MODE = wholemodule;
				SWIFT_OPTIMIZATION_LEVEL = "-O";
				VALIDATE_PRODUCT = YES;
			};
			name = Release;
		};
		A903928B27F052BF001E7345 /* Debug */ = {
			isa = XCBuildConfiguration;
			baseConfigurationReference = AFC362FB2994ACB0C8494E84 /* Pods-MessengerApp.debug.xcconfig */;
			buildSettings = {
				ASSETCATALOG_COMPILER_APPICON_NAME = AppIcon;
				ASSETCATALOG_COMPILER_GLOBAL_ACCENT_COLOR_NAME = AccentColor;
				CODE_SIGN_STYLE = Automatic;
				CURRENT_PROJECT_VERSION = 1;
				DEVELOPMENT_TEAM = V3G3959732;
				GENERATE_INFOPLIST_FILE = YES;
				INFOPLIST_FILE = MessengerApp/Info.plist;
				INFOPLIST_KEY_NSCameraUsageDescription = "Please allow access to take a profile picture";
				INFOPLIST_KEY_NSPhotoLibraryAddUsageDescription = "Please allow access to select a photo for your profile picture";
				INFOPLIST_KEY_UIApplicationSupportsIndirectInputEvents = YES;
				INFOPLIST_KEY_UILaunchStoryboardName = LaunchScreen;
				INFOPLIST_KEY_UISupportedInterfaceOrientations = UIInterfaceOrientationPortrait;
				INFOPLIST_KEY_UISupportedInterfaceOrientations_iPad = "UIInterfaceOrientationPortrait UIInterfaceOrientationPortraitUpsideDown UIInterfaceOrientationLandscapeLeft UIInterfaceOrientationLandscapeRight";
				INFOPLIST_KEY_UISupportedInterfaceOrientations_iPhone = "UIInterfaceOrientationPortrait UIInterfaceOrientationLandscapeLeft UIInterfaceOrientationLandscapeRight";
				LD_RUNPATH_SEARCH_PATHS = (
					"$(inherited)",
					"@executable_path/Frameworks",
				);
				MARKETING_VERSION = 1.0;
				PRODUCT_BUNDLE_IDENTIFIER = com.eldiiar.MessengerApp;
				PRODUCT_NAME = "$(TARGET_NAME)";
				SWIFT_EMIT_LOC_STRINGS = YES;
				SWIFT_VERSION = 5.0;
				TARGETED_DEVICE_FAMILY = "1,2";
			};
			name = Debug;
		};
		A903928C27F052BF001E7345 /* Release */ = {
			isa = XCBuildConfiguration;
			baseConfigurationReference = 6685C4E2498F17AD6890DBE2 /* Pods-MessengerApp.release.xcconfig */;
			buildSettings = {
				ASSETCATALOG_COMPILER_APPICON_NAME = AppIcon;
				ASSETCATALOG_COMPILER_GLOBAL_ACCENT_COLOR_NAME = AccentColor;
				CODE_SIGN_STYLE = Automatic;
				CURRENT_PROJECT_VERSION = 1;
				DEVELOPMENT_TEAM = V3G3959732;
				GENERATE_INFOPLIST_FILE = YES;
				INFOPLIST_FILE = MessengerApp/Info.plist;
				INFOPLIST_KEY_NSCameraUsageDescription = "Please allow access to take a profile picture";
				INFOPLIST_KEY_NSPhotoLibraryAddUsageDescription = "Please allow access to select a photo for your profile picture";
				INFOPLIST_KEY_UIApplicationSupportsIndirectInputEvents = YES;
				INFOPLIST_KEY_UILaunchStoryboardName = LaunchScreen;
				INFOPLIST_KEY_UISupportedInterfaceOrientations = UIInterfaceOrientationPortrait;
				INFOPLIST_KEY_UISupportedInterfaceOrientations_iPad = "UIInterfaceOrientationPortrait UIInterfaceOrientationPortraitUpsideDown UIInterfaceOrientationLandscapeLeft UIInterfaceOrientationLandscapeRight";
				INFOPLIST_KEY_UISupportedInterfaceOrientations_iPhone = "UIInterfaceOrientationPortrait UIInterfaceOrientationLandscapeLeft UIInterfaceOrientationLandscapeRight";
				LD_RUNPATH_SEARCH_PATHS = (
					"$(inherited)",
					"@executable_path/Frameworks",
				);
				MARKETING_VERSION = 1.0;
				PRODUCT_BUNDLE_IDENTIFIER = com.eldiiar.MessengerApp;
				PRODUCT_NAME = "$(TARGET_NAME)";
				SWIFT_EMIT_LOC_STRINGS = YES;
				SWIFT_VERSION = 5.0;
				TARGETED_DEVICE_FAMILY = "1,2";
			};
			name = Release;
		};
/* End XCBuildConfiguration section */

/* Begin XCConfigurationList section */
		A903927127F052BE001E7345 /* Build configuration list for PBXProject "MessengerApp" */ = {
			isa = XCConfigurationList;
			buildConfigurations = (
				A903928827F052BF001E7345 /* Debug */,
				A903928927F052BF001E7345 /* Release */,
			);
			defaultConfigurationIsVisible = 0;
			defaultConfigurationName = Release;
		};
		A903928A27F052BF001E7345 /* Build configuration list for PBXNativeTarget "MessengerApp" */ = {
			isa = XCConfigurationList;
			buildConfigurations = (
				A903928B27F052BF001E7345 /* Debug */,
				A903928C27F052BF001E7345 /* Release */,
			);
			defaultConfigurationIsVisible = 0;
			defaultConfigurationName = Release;
		};
/* End XCConfigurationList section */
	};
	rootObject = A903926E27F052BE001E7345 /* Project object */;
}
